
Microsoft Visual Studio Solution File, Format Version 11.00
# Visual Studio 2010
Project("{FAE04EC0-301F-11D3-BF4B-00C04F79EFBC}") = "Net Tank", "Assembly-CSharp.csproj", "{F180E064-2E40-0CC5-8D9E-1145D9AF7349}"
EndProject
Project("{FAE04EC0-301F-11D3-BF4B-00C04F79EFBC}") = "Net Tank", "Assembly-CSharp-Editor.csproj", "{D08C53CE-C793-CD03-EB30-7322C9473EEB}"
EndProject
Global
	GlobalSection(SolutionConfigurationPlatforms) = preSolution
		Debug|Any CPU = Debug|Any CPU
		Release|Any CPU = Release|Any CPU
	EndGlobalSection
	GlobalSection(ProjectConfigurationPlatforms) = postSolution
		{F180E064-2E40-0CC5-8D9E-1145D9AF7349}.Debug|Any CPU.ActiveCfg = Debug|Any CPU
		{F180E064-2E40-0CC5-8D9E-1145D9AF7349}.Debug|Any CPU.Build.0 = Debug|Any CPU
		{F180E064-2E40-0CC5-8D9E-1145D9AF7349}.Release|Any CPU.ActiveCfg = Release|Any CPU
		{F180E064-2E40-0CC5-8D9E-1145D9AF7349}.Release|Any CPU.Build.0 = Release|Any CPU
		{D08C53CE-C793-CD03-EB30-7322C9473EEB}.Debug|Any CPU.ActiveCfg = Debug|Any CPU
		{D08C53CE-C793-CD03-EB30-7322C9473EEB}.Debug|Any CPU.Build.0 = Debug|Any CPU
		{D08C53CE-C793-CD03-EB30-7322C9473EEB}.Release|Any CPU.ActiveCfg = Release|Any CPU
		{D08C53CE-C793-CD03-EB30-7322C9473EEB}.Release|Any CPU.Build.0 = Release|Any CPU
	EndGlobalSection
	GlobalSection(SolutionProperties) = preSolution
		HideSolutionNode = FALSE
	EndGlobalSection
	GlobalSection(MonoDevelopProperties) = preSolution
		StartupItem = Assembly-CSharp.csproj
	EndGlobalSection
EndGlobal
